
Microsoft Visual Studio Solution File, Format Version 12.00
# Visual Studio Version 16
VisualStudioVersion = 16.0.30320.27
MinimumVisualStudioVersion = 10.0.40219.1
Project("{FAE04EC0-301F-11D3-BF4B-00C04F79EFBC}") = "PhoneBook", "PhoneBook\PhoneBook.csproj", "{7BD927D9-44B8-43BE-9BAD-DAC8782EA654}"
EndProject
Global
	GlobalSection(SolutionConfigurationPlatforms) = preSolution
		Debug|Any CPU = Debug|Any CPU
		Release|Any CPU = Release|Any CPU
	EndGlobalSection
	GlobalSection(ProjectConfigurationPlatforms) = postSolution
		{7BD927D9-44B8-43BE-9BAD-DAC8782EA654}.Debug|Any CPU.ActiveCfg = Debug|Any CPU
		{7BD927D9-44B8-43BE-9BAD-DAC8782EA654}.Debug|Any CPU.Build.0 = Debug|Any CPU
		{7BD927D9-44B8-43BE-9BAD-DAC8782EA654}.Release|Any CPU.ActiveCfg = Release|Any CPU
		{7BD927D9-44B8-43BE-9BAD-DAC8782EA654}.Release|Any CPU.Build.0 = Release|Any CPU
	EndGlobalSection
	GlobalSection(SolutionProperties) = preSolution
		HideSolutionNode = FALSE
	EndGlobalSection
	GlobalSection(ExtensibilityGlobals) = postSolution
		SolutionGuid = {9A0F98E4-F162-4A90-B323-E1F2AD1B7358}
	EndGlobalSection
EndGlobal
